// !$*UTF8*$!
{
	archiveVersion = 1;
	classes = {
	};
	objectVersion = 50;
	objects = {

/* Begin PBXBuildFile section */
		90431EED25E0DC7D003EDBFA /* AppDelegate.swift in Sources */ = {isa = PBXBuildFile; fileRef = 90431EEC25E0DC7D003EDBFA /* AppDelegate.swift */; };
		90431EEF25E0DC7D003EDBFA /* SceneDelegate.swift in Sources */ = {isa = PBXBuildFile; fileRef = 90431EEE25E0DC7D003EDBFA /* SceneDelegate.swift */; };
		90431EF125E0DC7D003EDBFA /* ContentView.swift in Sources */ = {isa = PBXBuildFile; fileRef = 90431EF025E0DC7D003EDBFA /* ContentView.swift */; };
		90431EF325E0DC87003EDBFA /* Assets.xcassets in Resources */ = {isa = PBXBuildFile; fileRef = 90431EF225E0DC87003EDBFA /* Assets.xcassets */; };
		90431EF625E0DC87003EDBFA /* Preview Assets.xcassets in Resources */ = {isa = PBXBuildFile; fileRef = 90431EF525E0DC87003EDBFA /* Preview Assets.xcassets */; };
		90431EF925E0DC87003EDBFA /* LaunchScreen.storyboard in Resources */ = {isa = PBXBuildFile; fileRef = 90431EF725E0DC87003EDBFA /* LaunchScreen.storyboard */; };
		90431F0325E0DD9E003EDBFA /* DetailView.swift in Sources */ = {isa = PBXBuildFile; fileRef = 90431F0225E0DD9E003EDBFA /* DetailView.swift */; };
		90431F0B25E0DE16003EDBFA /* WebView.swift in Sources */ = {isa = PBXBuildFile; fileRef = 90431F0A25E0DE16003EDBFA /* WebView.swift */; };
		90431F0F25E0E2B5003EDBFA /* NetworkManager.swift in Sources */ = {isa = PBXBuildFile; fileRef = 90431F0E25E0E2B5003EDBFA /* NetworkManager.swift */; };
		90431F1325E0E30B003EDBFA /* PostData.swift in Sources */ = {isa = PBXBuildFile; fileRef = 90431F1225E0E30B003EDBFA /* PostData.swift */; };
/* End PBXBuildFile section */

/* Begin PBXFileReference section */
		90431EE925E0DC7D003EDBFA /* WellWithHerSoul.app */ = {isa = PBXFileReference; explicitFileType = wrapper.application; includeInIndex = 0; path = WellWithHerSoul.app; sourceTree = BUILT_PRODUCTS_DIR; };
		90431EEC25E0DC7D003EDBFA /* AppDelegate.swift */ = {isa = PBXFileReference; lastKnownFileType = sourcecode.swift; path = AppDelegate.swift; sourceTree = "<group>"; };
		90431EEE25E0DC7D003EDBFA /* SceneDelegate.swift */ = {isa = PBXFileReference; lastKnownFileType = sourcecode.swift; path = SceneDelegate.swift; sourceTree = "<group>"; };
		90431EF025E0DC7D003EDBFA /* ContentView.swift */ = {isa = PBXFileReference; lastKnownFileType = sourcecode.swift; path = ContentView.swift; sourceTree = "<group>"; };
		90431EF225E0DC87003EDBFA /* Assets.xcassets */ = {isa = PBXFileReference; lastKnownFileType = folder.assetcatalog; path = Assets.xcassets; sourceTree = "<group>"; };
		90431EF525E0DC87003EDBFA /* Preview Assets.xcassets */ = {isa = PBXFileReference; lastKnownFileType = folder.assetcatalog; path = "Preview Assets.xcassets"; sourceTree = "<group>"; };
		90431EF825E0DC87003EDBFA /* Base */ = {isa = PBXFileReference; lastKnownFileType = file.storyboard; name = Base; path = Base.lproj/LaunchScreen.storyboard; sourceTree = "<group>"; };
		90431EFA25E0DC87003EDBFA /* Info.plist */ = {isa = PBXFileReference; lastKnownFileType = text.plist.xml; path = Info.plist; sourceTree = "<group>"; };
		90431F0225E0DD9E003EDBFA /* DetailView.swift */ = {isa = PBXFileReference; lastKnownFileType = sourcecode.swift; path = DetailView.swift; sourceTree = "<group>"; };
		90431F0A25E0DE16003EDBFA /* WebView.swift */ = {isa = PBXFileReference; lastKnownFileType = sourcecode.swift; path = WebView.swift; sourceTree = "<group>"; };
		90431F0E25E0E2B5003EDBFA /* NetworkManager.swift */ = {isa = PBXFileReference; lastKnownFileType = sourcecode.swift; path = NetworkManager.swift; sourceTree = "<group>"; };
		90431F1225E0E30B003EDBFA /* PostData.swift */ = {isa = PBXFileReference; lastKnownFileType = sourcecode.swift; path = PostData.swift; sourceTree = "<group>"; };
/* End PBXFileReference section */

/* Begin PBXFrameworksBuildPhase section */
		90431EE625E0DC7D003EDBFA /* Frameworks */ = {
			isa = PBXFrameworksBuildPhase;
			buildActionMask = 2147483647;
			files = (
			);
			runOnlyForDeploymentPostprocessing = 0;
		};
/* End PBXFrameworksBuildPhase section */

/* Begin PBXGroup section */
		90431EE025E0DC7D003EDBFA = {
			isa = PBXGroup;
			children = (
				90431EEB25E0DC7D003EDBFA /* WellWithHerSoul */,
				90431EEA25E0DC7D003EDBFA /* Products */,
			);
			sourceTree = "<group>";
		};
		90431EEA25E0DC7D003EDBFA /* Products */ = {
			isa = PBXGroup;
			children = (
				90431EE925E0DC7D003EDBFA /* WellWithHerSoul.app */,
			);
			name = Products;
			sourceTree = "<group>";
		};
		90431EEB25E0DC7D003EDBFA /* WellWithHerSoul */ = {
			isa = PBXGroup;
			children = (
				90431EEC25E0DC7D003EDBFA /* AppDelegate.swift */,
				90431EEE25E0DC7D003EDBFA /* SceneDelegate.swift */,
				90431F0D25E0E29B003EDBFA /* Models */,
				90431F0125E0DD75003EDBFA /* Views */,
				90431EF225E0DC87003EDBFA /* Assets.xcassets */,
				90431EF725E0DC87003EDBFA /* LaunchScreen.storyboard */,
				90431EFA25E0DC87003EDBFA /* Info.plist */,
				90431EF425E0DC87003EDBFA /* Preview Content */,
			);
			path = WellWithHerSoul;
			sourceTree = "<group>";
		};
		90431EF425E0DC87003EDBFA /* Preview Content */ = {
			isa = PBXGroup;
			children = (
				90431EF525E0DC87003EDBFA /* Preview Assets.xcassets */,
			);
			path = "Preview Content";
			sourceTree = "<group>";
		};
		90431F0125E0DD75003EDBFA /* Views */ = {
			isa = PBXGroup;
			children = (
				90431EF025E0DC7D003EDBFA /* ContentView.swift */,
				90431F0225E0DD9E003EDBFA /* DetailView.swift */,
				90431F0A25E0DE16003EDBFA /* WebView.swift */,
			);
			path = Views;
			sourceTree = "<group>";
		};
		90431F0D25E0E29B003EDBFA /* Models */ = {
			isa = PBXGroup;
			children = (
				90431F0E25E0E2B5003EDBFA /* NetworkManager.swift */,
				90431F1225E0E30B003EDBFA /* PostData.swift */,
			);
			path = Models;
			sourceTree = "<group>";
		};
/* End PBXGroup section */

/* Begin PBXNativeTarget section */
		90431EE825E0DC7D003EDBFA /* WellWithHerSoul */ = {
			isa = PBXNativeTarget;
			buildConfigurationList = 90431EFD25E0DC87003EDBFA /* Build configuration list for PBXNativeTarget "WellWithHerSoul" */;
			buildPhases = (
				90431EE525E0DC7D003EDBFA /* Sources */,
				90431EE625E0DC7D003EDBFA /* Frameworks */,
				90431EE725E0DC7D003EDBFA /* Resources */,
			);
			buildRules = (
			);
			dependencies = (
			);
			name = WellWithHerSoul;
			productName = WellWithHerSoul;
			productReference = 90431EE925E0DC7D003EDBFA /* WellWithHerSoul.app */;
			productType = "com.apple.product-type.application";
		};
/* End PBXNativeTarget section */

/* Begin PBXProject section */
		90431EE125E0DC7D003EDBFA /* Project object */ = {
			isa = PBXProject;
			attributes = {
				LastSwiftUpdateCheck = 1240;
				LastUpgradeCheck = 1240;
				TargetAttributes = {
					90431EE825E0DC7D003EDBFA = {
						CreatedOnToolsVersion = 12.4;
					};
				};
			};
			buildConfigurationList = 90431EE425E0DC7D003EDBFA /* Build configuration list for PBXProject "WellWithHerSoul" */;
			compatibilityVersion = "Xcode 9.3";
			developmentRegion = en;
			hasScannedForEncodings = 0;
			knownRegions = (
				en,
				Base,
			);
			mainGroup = 90431EE025E0DC7D003EDBFA;
			productRefGroup = 90431EEA25E0DC7D003EDBFA /* Products */;
			projectDirPath = "";
			projectRoot = "";
			targets = (
				90431EE825E0DC7D003EDBFA /* WellWithHerSoul */,
			);
		};
/* End PBXProject section */

/* Begin PBXResourcesBuildPhase section */
		90431EE725E0DC7D003EDBFA /* Resources */ = {
			isa = PBXResourcesBuildPhase;
			buildActionMask = 2147483647;
			files = (
				90431EF925E0DC87003EDBFA /* LaunchScreen.storyboard in Resources */,
				90431EF625E0DC87003EDBFA /* Preview Assets.xcassets in Resources */,
				90431EF325E0DC87003EDBFA /* Assets.xcassets in Resources */,
			);
			runOnlyForDeploymentPostprocessing = 0;
		};
/* End PBXResourcesBuildPhase section */

/* Begin PBXSourcesBuildPhase section */
		90431EE525E0DC7D003EDBFA /* Sources */ = {
			isa = PBXSourcesBuildPhase;
			buildActionMask = 2147483647;
			files = (
				90431F0F25E0E2B5003EDBFA /* NetworkManager.swift in Sources */,
				90431EED25E0DC7D003EDBFA /* AppDelegate.swift in Sources */,
				90431F0B25E0DE16003EDBFA /* WebView.swift in Sources */,
				90431F0325E0DD9E003EDBFA /* DetailView.swift in Sources */,
				90431EEF25E0DC7D003EDBFA /* SceneDelegate.swift in Sources */,
				90431F1325E0E30B003EDBFA /* PostData.swift in Sources */,
				90431EF125E0DC7D003EDBFA /* ContentView.swift in Sources */,
			);
			runOnlyForDeploymentPostprocessing = 0;
		};
/* End PBXSourcesBuildPhase section */

/* Begin PBXVariantGroup section */
		90431EF725E0DC87003EDBFA /* LaunchScreen.storyboard */ = {
			isa = PBXVariantGroup;
			children = (
				90431EF825E0DC87003EDBFA /* Base */,
			);
			name = LaunchScreen.storyboard;
			sourceTree = "<group>";
		};
/* End PBXVariantGroup section */

/* Begin XCBuildConfiguration section */
		90431EFB25E0DC87003EDBFA /* Debug */ = {
			isa = XCBuildConfiguration;
			buildSettings = {
				ALWAYS_SEARCH_USER_PATHS = NO;
				CLANG_ANALYZER_NONNULL = YES;
				CLANG_ANALYZER_NUMBER_OBJECT_CONVERSION = YES_AGGRESSIVE;
				CLANG_CXX_LANGUAGE_STANDARD = "gnu++14";
				CLANG_CXX_LIBRARY = "libc++";
				CLANG_ENABLE_MODULES = YES;
				CLANG_ENABLE_OBJC_ARC = YES;
				CLANG_ENABLE_OBJC_WEAK = YES;
				CLANG_WARN_BLOCK_CAPTURE_AUTORELEASING = YES;
				CLANG_WARN_BOOL_CONVERSION = YES;
				CLANG_WARN_COMMA = YES;
				CLANG_WARN_CONSTANT_CONVERSION = YES;
				CLANG_WARN_DEPRECATED_OBJC_IMPLEMENTATIONS = YES;
				CLANG_WARN_DIRECT_OBJC_ISA_USAGE = YES_ERROR;
				CLANG_WARN_DOCUMENTATION_COMMENTS = YES;
				CLANG_WARN_EMPTY_BODY = YES;
				CLANG_WARN_ENUM_CONVERSION = YES;
				CLANG_WARN_INFINITE_RECURSION = YES;
				CLANG_WARN_INT_CONVERSION = YES;
				CLANG_WARN_NON_LITERAL_NULL_CONVERSION = YES;
				CLANG_WARN_OBJC_IMPLICIT_RETAIN_SELF = YES;
				CLANG_WARN_OBJC_LITERAL_CONVERSION = YES;
				CLANG_WARN_OBJC_ROOT_CLASS = YES_ERROR;
				CLANG_WARN_QUOTED_INCLUDE_IN_FRAMEWORK_HEADER = YES;
				CLANG_WARN_RANGE_LOOP_ANALYSIS = YES;
				CLANG_WARN_STRICT_PROTOTYPES = YES;
				CLANG_WARN_SUSPICIOUS_MOVE = YES;
				CLANG_WARN_UNGUARDED_AVAILABILITY = YES_AGGRESSIVE;
				CLANG_WARN_UNREACHABLE_CODE = YES;
				CLANG_WARN__DUPLICATE_METHOD_MATCH = YES;
				COPY_PHASE_STRIP = NO;
				DEBUG_INFORMATION_FORMAT = dwarf;
				ENABLE_STRICT_OBJC_MSGSEND = YES;
				ENABLE_TESTABILITY = YES;
				GCC_C_LANGUAGE_STANDARD = gnu11;
				GCC_DYNAMIC_NO_PIC = NO;
				GCC_NO_COMMON_BLOCKS = YES;
				GCC_OPTIMIZATION_LEVEL = 0;
				GCC_PREPROCESSOR_DEFINITIONS = (
					"DEBUG=1",
					"$(inherited)",
				);
				GCC_WARN_64_TO_32_BIT_CONVERSION = YES;
				GCC_WARN_ABOUT_RETURN_TYPE = YES_ERROR;
				GCC_WARN_UNDECLARED_SELECTOR = YES;
				GCC_WARN_UNINITIALIZED_AUTOS = YES_AGGRESSIVE;
				GCC_WARN_UNUSED_FUNCTION = YES;
				GCC_WARN_UNUSED_VARIABLE = YES;
				IPHONEOS_DEPLOYMENT_TARGET = 14.4;
				MTL_ENABLE_DEBUG_INFO = INCLUDE_SOURCE;
				MTL_FAST_MATH = YES;
				ONLY_ACTIVE_ARCH = YES;
				SDKROOT = iphoneos;
				SWIFT_ACTIVE_COMPILATION_CONDITIONS = DEBUG;
				SWIFT_OPTIMIZATION_LEVEL = "-Onone";
			};
			name = Debug;
		};
		90431EFC25E0DC87003EDBFA /* Release */ = {
			isa = XCBuildConfiguration;
			buildSettings = {
				ALWAYS_SEARCH_USER_PATHS = NO;
				CLANG_ANALYZER_NONNULL = YES;
				CLANG_ANALYZER_NUMBER_OBJECT_CONVERSION = YES_AGGRESSIVE;
				CLANG_CXX_LANGUAGE_STANDARD = "gnu++14";
				CLANG_CXX_LIBRARY = "libc++";
				CLANG_ENABLE_MODULES = YES;
				CLANG_ENABLE_OBJC_ARC = YES;
				CLANG_ENABLE_OBJC_WEAK = YES;
				CLANG_WARN_BLOCK_CAPTURE_AUTORELEASING = YES;
				CLANG_WARN_BOOL_CONVERSION = YES;
				CLANG_WARN_COMMA = YES;
				CLANG_WARN_CONSTANT_CONVERSION = YES;
				CLANG_WARN_DEPRECATED_OBJC_IMPLEMENTATIONS = YES;
				CLANG_WARN_DIRECT_OBJC_ISA_USAGE = YES_ERROR;
				CLANG_WARN_DOCUMENTATION_COMMENTS = YES;
				CLANG_WARN_EMPTY_BODY = YES;
				CLANG_WARN_ENUM_CONVERSION = YES;
				CLANG_WARN_INFINITE_RECURSION = YES;
				CLANG_WARN_INT_CONVERSION = YES;
				CLANG_WARN_NON_LITERAL_NULL_CONVERSION = YES;
				CLANG_WARN_OBJC_IMPLICIT_RETAIN_SELF = YES;
				CLANG_WARN_OBJC_LITERAL_CONVERSION = YES;
				CLANG_WARN_OBJC_ROOT_CLASS = YES_ERROR;
				CLANG_WARN_QUOTED_INCLUDE_IN_FRAMEWORK_HEADER = YES;
				CLANG_WARN_RANGE_LOOP_ANALYSIS = YES;
				CLANG_WARN_STRICT_PROTOTYPES = YES;
				CLANG_WARN_SUSPICIOUS_MOVE = YES;
				CLANG_WARN_UNGUARDED_AVAILABILITY = YES_AGGRESSIVE;
				CLANG_WARN_UNREACHABLE_CODE = YES;
				CLANG_WARN__DUPLICATE_METHOD_MATCH = YES;
				COPY_PHASE_STRIP = NO;
				DEBUG_INFORMATION_FORMAT = "dwarf-with-dsym";
				ENABLE_NS_ASSERTIONS = NO;
				ENABLE_STRICT_OBJC_MSGSEND = YES;
				GCC_C_LANGUAGE_STANDARD = gnu11;
				GCC_NO_COMMON_BLOCKS = YES;
				GCC_WARN_64_TO_32_BIT_CONVERSION = YES;
				GCC_WARN_ABOUT_RETURN_TYPE = YES_ERROR;
				GCC_WARN_UNDECLARED_SELECTOR = YES;
				GCC_WARN_UNINITIALIZED_AUTOS = YES_AGGRESSIVE;
				GCC_WARN_UNUSED_FUNCTION = YES;
				GCC_WARN_UNUSED_VARIABLE = YES;
				IPHONEOS_DEPLOYMENT_TARGET = 14.4;
				MTL_ENABLE_DEBUG_INFO = NO;
				MTL_FAST_MATH = YES;
				SDKROOT = iphoneos;
				SWIFT_COMPILATION_MODE = wholemodule;
				SWIFT_OPTIMIZATION_LEVEL = "-O";
				VALIDATE_PRODUCT = YES;
			};
			name = Release;
		};
		90431EFE25E0DC87003EDBFA /* Debug */ = {
			isa = XCBuildConfiguration;
			buildSettings = {
				ASSETCATALOG_COMPILER_APPICON_NAME = AppIcon;
				ASSETCATALOG_COMPILER_GLOBAL_ACCENT_COLOR_NAME = AccentColor;
				CODE_SIGN_STYLE = Automatic;
				DEVELOPMENT_ASSET_PATHS = "\"WellWithHerSoul/Preview Content\"";
				DEVELOPMENT_TEAM = FDC697ARMR;
				ENABLE_PREVIEWS = YES;
				INFOPLIST_FILE = WellWithHerSoul/Info.plist;
				LD_RUNPATH_SEARCH_PATHS = (
					"$(inherited)",
					"@executable_path/Frameworks",
				);
				PRODUCT_BUNDLE_IDENTIFIER = com.grant.sivley.WellWithHerSoul;
				PRODUCT_NAME = "$(TARGET_NAME)";
				SWIFT_VERSION = 5.0;
				TARGETED_DEVICE_FAMILY = "1,2";
			};
			name = Debug;
		};
		90431EFF25E0DC87003EDBFA /* Release */ = {
			isa = XCBuildConfiguration;
			buildSettings = {
				ASSETCATALOG_COMPILER_APPICON_NAME = AppIcon;
				ASSETCATALOG_COMPILER_GLOBAL_ACCENT_COLOR_NAME = AccentColor;
				CODE_SIGN_STYLE = Automatic;
				DEVELOPMENT_ASSET_PATHS = "\"WellWithHerSoul/Preview Content\"";
				DEVELOPMENT_TEAM = FDC697ARMR;
				ENABLE_PREVIEWS = YES;
				INFOPLIST_FILE = WellWithHerSoul/Info.plist;
				LD_RUNPATH_SEARCH_PATHS = (
					"$(inherited)",
					"@executable_path/Frameworks",
				);
				PRODUCT_BUNDLE_IDENTIFIER = com.grant.sivley.WellWithHerSoul;
				PRODUCT_NAME = "$(TARGET_NAME)";
				SWIFT_VERSION = 5.0;
				TARGETED_DEVICE_FAMILY = "1,2";
			};
			name = Release;
		};
/* End XCBuildConfiguration section */

/* Begin XCConfigurationList section */
		90431EE425E0DC7D003EDBFA /* Build configuration list for PBXProject "WellWithHerSoul" */ = {
			isa = XCConfigurationList;
			buildConfigurations = (
				90431EFB25E0DC87003EDBFA /* Debug */,
				90431EFC25E0DC87003EDBFA /* Release */,
			);
			defaultConfigurationIsVisible = 0;
			defaultConfigurationName = Release;
		};
		90431EFD25E0DC87003EDBFA /* Build configuration list for PBXNativeTarget "WellWithHerSoul" */ = {
			isa = XCConfigurationList;
			buildConfigurations = (
				90431EFE25E0DC87003EDBFA /* Debug */,
				90431EFF25E0DC87003EDBFA /* Release */,
			);
			defaultConfigurationIsVisible = 0;
			defaultConfigurationName = Release;
		};
/* End XCConfigurationList section */
	};
	rootObject = 90431EE125E0DC7D003EDBFA /* Project object */;
}
